
Microsoft Visual Studio Solution File, Format Version 12.00
# Visual Studio Version 16
VisualStudioVersion = 16.0.31112.23
MinimumVisualStudioVersion = 10.0.40219.1
Project("{8BC9CEB8-8B4A-11D0-8D11-00A0C91BC942}") = "Engine", "Engine\Engine.vcxproj", "{66560B7E-1384-4DA4-8B55-1D3F29872C53}"
EndProject
Project("{8BC9CEB8-8B4A-11D0-8D11-00A0C91BC942}") = "Scripts", "Scripts\Scripts.vcxproj", "{F8A6612A-4CE2-4F10-9BB7-4FBA1CE7787A}"
EndProject
Project("{8BC9CEB8-8B4A-11D0-8D11-00A0C91BC942}") = "CoinCollect", "CoinCollect\CoinCollect.vcxproj", "{FC6CDECA-FC44-4B20-9421-46FECF726A3F}"
EndProject
Global
	GlobalSection(SolutionConfigurationPlatforms) = preSolution
		Debug|x64 = Debug|x64
		Debug|x86 = Debug|x86
		Release|x64 = Release|x64
		Release|x86 = Release|x86
	EndGlobalSection
	GlobalSection(ProjectConfigurationPlatforms) = postSolution
		{66560B7E-1384-4DA4-8B55-1D3F29872C53}.Debug|x64.ActiveCfg = Debug|x64
		{66560B7E-1384-4DA4-8B55-1D3F29872C53}.Debug|x64.Build.0 = Debug|x64
		{66560B7E-1384-4DA4-8B55-1D3F29872C53}.Debug|x86.ActiveCfg = Debug|Win32
		{66560B7E-1384-4DA4-8B55-1D3F29872C53}.Debug|x86.Build.0 = Debug|Win32
		{66560B7E-1384-4DA4-8B55-1D3F29872C53}.Release|x64.ActiveCfg = Release|x64
		{66560B7E-1384-4DA4-8B55-1D3F29872C53}.Release|x64.Build.0 = Release|x64
		{66560B7E-1384-4DA4-8B55-1D3F29872C53}.Release|x86.ActiveCfg = Release|Win32
		{66560B7E-1384-4DA4-8B55-1D3F29872C53}.Release|x86.Build.0 = Release|Win32
		{F8A6612A-4CE2-4F10-9BB7-4FBA1CE7787A}.Debug|x64.ActiveCfg = Debug|x64
		{F8A6612A-4CE2-4F10-9BB7-4FBA1CE7787A}.Debug|x64.Build.0 = Debug|x64
		{F8A6612A-4CE2-4F10-9BB7-4FBA1CE7787A}.Debug|x86.ActiveCfg = Debug|Win32
		{F8A6612A-4CE2-4F10-9BB7-4FBA1CE7787A}.Debug|x86.Build.0 = Debug|Win32
		{F8A6612A-4CE2-4F10-9BB7-4FBA1CE7787A}.Release|x64.ActiveCfg = Release|x64
		{F8A6612A-4CE2-4F10-9BB7-4FBA1CE7787A}.Release|x64.Build.0 = Release|x64
		{F8A6612A-4CE2-4F10-9BB7-4FBA1CE7787A}.Release|x86.ActiveCfg = Release|Win32
		{F8A6612A-4CE2-4F10-9BB7-4FBA1CE7787A}.Release|x86.Build.0 = Release|Win32
		{FC6CDECA-FC44-4B20-9421-46FECF726A3F}.Debug|x64.ActiveCfg = Debug|x64
		{FC6CDECA-FC44-4B20-9421-46FECF726A3F}.Debug|x64.Build.0 = Debug|x64
		{FC6CDECA-FC44-4B20-9421-46FECF726A3F}.Debug|x86.ActiveCfg = Debug|Win32
		{FC6CDECA-FC44-4B20-9421-46FECF726A3F}.Debug|x86.Build.0 = Debug|Win32
		{FC6CDECA-FC44-4B20-9421-46FECF726A3F}.Release|x64.ActiveCfg = Release|x64
		{FC6CDECA-FC44-4B20-9421-46FECF726A3F}.Release|x64.Build.0 = Release|x64
		{FC6CDECA-FC44-4B20-9421-46FECF726A3F}.Release|x86.ActiveCfg = Release|Win32
		{FC6CDECA-FC44-4B20-9421-46FECF726A3F}.Release|x86.Build.0 = Release|Win32
	EndGlobalSection
	GlobalSection(SolutionProperties) = preSolution
		HideSolutionNode = FALSE
	EndGlobalSection
	GlobalSection(ExtensibilityGlobals) = postSolution
		SolutionGuid = {75D16865-5912-43F7-A603-C8006202E8C2}
	EndGlobalSection
EndGlobal
